
Microsoft Visual Studio Solution File, Format Version 12.00
# Visual Studio 15
VisualStudioVersion = 15.0.26228.9
MinimumVisualStudioVersion = 10.0.40219.1
Project("{FAE04EC0-301F-11D3-BF4B-00C04F79EFBC}") = "ServerRPC", "ServerRPC\ServerRPC.csproj", "{2B038712-95BF-45E9-A747-C71C6F57FAE8}"
EndProject
Project("{FAE04EC0-301F-11D3-BF4B-00C04F79EFBC}") = "Libreria", "Libreria\Libreria.csproj", "{376A305C-F8AF-41B4-8955-53AB8279879C}"
EndProject
Project("{FAE04EC0-301F-11D3-BF4B-00C04F79EFBC}") = "Cliente", "Cliente\Cliente.csproj", "{477804C9-FA95-4B4A-8739-3468841A8B7B}"
EndProject
Global
	GlobalSection(SolutionConfigurationPlatforms) = preSolution
		Debug|Any CPU = Debug|Any CPU
		Release|Any CPU = Release|Any CPU
	EndGlobalSection
	GlobalSection(ProjectConfigurationPlatforms) = postSolution
		{2B038712-95BF-45E9-A747-C71C6F57FAE8}.Debug|Any CPU.ActiveCfg = Debug|Any CPU
		{2B038712-95BF-45E9-A747-C71C6F57FAE8}.Debug|Any CPU.Build.0 = Debug|Any CPU
		{2B038712-95BF-45E9-A747-C71C6F57FAE8}.Release|Any CPU.ActiveCfg = Release|Any CPU
		{2B038712-95BF-45E9-A747-C71C6F57FAE8}.Release|Any CPU.Build.0 = Release|Any CPU
		{376A305C-F8AF-41B4-8955-53AB8279879C}.Debug|Any CPU.ActiveCfg = Debug|Any CPU
		{376A305C-F8AF-41B4-8955-53AB8279879C}.Debug|Any CPU.Build.0 = Debug|Any CPU
		{376A305C-F8AF-41B4-8955-53AB8279879C}.Release|Any CPU.ActiveCfg = Release|Any CPU
		{376A305C-F8AF-41B4-8955-53AB8279879C}.Release|Any CPU.Build.0 = Release|Any CPU
		{477804C9-FA95-4B4A-8739-3468841A8B7B}.Debug|Any CPU.ActiveCfg = Debug|Any CPU
		{477804C9-FA95-4B4A-8739-3468841A8B7B}.Debug|Any CPU.Build.0 = Debug|Any CPU
		{477804C9-FA95-4B4A-8739-3468841A8B7B}.Release|Any CPU.ActiveCfg = Release|Any CPU
		{477804C9-FA95-4B4A-8739-3468841A8B7B}.Release|Any CPU.Build.0 = Release|Any CPU
	EndGlobalSection
	GlobalSection(SolutionProperties) = preSolution
		HideSolutionNode = FALSE
	EndGlobalSection
EndGlobal
